
Microsoft Visual Studio Solution File, Format Version 12.00
# Visual Studio 15
VisualStudioVersion = 15.0.26403.3
MinimumVisualStudioVersion = 10.0.40219.1
Project("{FAE04EC0-301F-11D3-BF4B-00C04F79EFBC}") = "NuSign.TestLibrary.Unsigned", "NuSign.TestLibrary.Unsigned\NuSign.TestLibrary.Unsigned.csproj", "{F307D7CB-0D8A-412A-89E6-B7BFC21F0AB4}"
EndProject
Project("{FAE04EC0-301F-11D3-BF4B-00C04F79EFBC}") = "NuSign.TestLibrary.Signed", "NuSign.TestLibrary.Signed\NuSign.TestLibrary.Signed.csproj", "{BD09530A-8E10-4B00-9F00-8D0ED2B96EFD}"
EndProject
Project("{FAE04EC0-301F-11D3-BF4B-00C04F79EFBC}") = "NuSign.TestLibrary.Tampered", "NuSign.TestLibrary.Tampered\NuSign.TestLibrary.Tampered.csproj", "{39C2E80E-4F67-45F4-AB90-13495EAECB6C}"
EndProject
Global
	GlobalSection(SolutionConfigurationPlatforms) = preSolution
		Debug|Any CPU = Debug|Any CPU
		Release|Any CPU = Release|Any CPU
	EndGlobalSection
	GlobalSection(ProjectConfigurationPlatforms) = postSolution
		{F307D7CB-0D8A-412A-89E6-B7BFC21F0AB4}.Debug|Any CPU.ActiveCfg = Debug|Any CPU
		{F307D7CB-0D8A-412A-89E6-B7BFC21F0AB4}.Debug|Any CPU.Build.0 = Debug|Any CPU
		{F307D7CB-0D8A-412A-89E6-B7BFC21F0AB4}.Release|Any CPU.ActiveCfg = Release|Any CPU
		{F307D7CB-0D8A-412A-89E6-B7BFC21F0AB4}.Release|Any CPU.Build.0 = Release|Any CPU
		{BD09530A-8E10-4B00-9F00-8D0ED2B96EFD}.Debug|Any CPU.ActiveCfg = Debug|Any CPU
		{BD09530A-8E10-4B00-9F00-8D0ED2B96EFD}.Debug|Any CPU.Build.0 = Debug|Any CPU
		{BD09530A-8E10-4B00-9F00-8D0ED2B96EFD}.Release|Any CPU.ActiveCfg = Release|Any CPU
		{BD09530A-8E10-4B00-9F00-8D0ED2B96EFD}.Release|Any CPU.Build.0 = Release|Any CPU
		{39C2E80E-4F67-45F4-AB90-13495EAECB6C}.Debug|Any CPU.ActiveCfg = Debug|Any CPU
		{39C2E80E-4F67-45F4-AB90-13495EAECB6C}.Debug|Any CPU.Build.0 = Debug|Any CPU
		{39C2E80E-4F67-45F4-AB90-13495EAECB6C}.Release|Any CPU.ActiveCfg = Release|Any CPU
		{39C2E80E-4F67-45F4-AB90-13495EAECB6C}.Release|Any CPU.Build.0 = Release|Any CPU
	EndGlobalSection
	GlobalSection(SolutionProperties) = preSolution
		HideSolutionNode = FALSE
	EndGlobalSection
EndGlobal
